{
  "name": "js-ephemeris-lite",
  "version": "1.0.0-beta.1",
  "lockfileVersion": 3,
  "requires": true,
  "packages": {
    "": {
      "name": "js-ephemeris-lite",
      "version": "1.0.0-beta.1",
      "license": "MPL-2.0",
      "workspaces": [
        "packages/*"
      ],
      "devDependencies": {
        "typescript": "^5.7.0"
      },
      "engines": {
        "node": ">=18"
      }
    },
    "node_modules/bazi-lite": {
      "resolved": "packages/bazi",
      "link": true
    },
    "node_modules/huangli-lite": {
      "resolved": "packages/huangli",
      "link": true
    },
    "node_modules/js-ephemeris-lite": {
      "resolved": "",
      "link": true
    },
    "node_modules/typescript": {
      "version": "5.9.3",
      "resolved": "https://registry.npmjs.org/typescript/-/typescript-5.9.3.tgz",
      "integrity": "sha512-jl1vZzPDinLr9eUt3J/t7V6FgNEw9QjvBPdysz9KfQDD41fQrC2Y4vKQdiaUpFT4bXlb1RHhLpp8wtm6M5TgSw==",
      "dev": true,
      "license": "Apache-2.0",
      "bin": {
        "tsc": "bin/tsc",
        "tsserver": "bin/tsserver"
      },
      "engines": {
        "node": ">=14.17"
      }
    },
    "node_modules/ziwei-lite": {
      "resolved": "packages/ziwei",
      "link": true
    },
    "packages/bazi": {
      "name": "bazi-lite",
      "version": "1.0.0-beta.1",
      "license": "MPL-2.0",
      "dependencies": {
        "js-ephemeris-lite": "^1.0.0-beta.1"
      },
      "engines": {
        "node": ">=18"
      }
    },
    "packages/huangli": {
      "name": "huangli-lite",
      "version": "1.0.0-beta.1",
      "license": "MIT",
      "dependencies": {
        "js-ephemeris-lite": "^1.0.0-beta.1"
      },
      "engines": {
        "node": ">=18"
      }
    },
    "packages/ziwei": {
      "name": "ziwei-lite",
      "version": "1.0.0-beta.1",
      "license": "MPL-2.0",
      "dependencies": {
        "js-ephemeris-lite": "^1.0.0-beta.1"
      },
      "engines": {
        "node": ">=18"
      }
    }
  }
}
